
Microsoft Visual Studio Solution File, Format Version 12.00
# Visual Studio Version 16
VisualStudioVersion = 16.0.30717.126
MinimumVisualStudioVersion = 10.0.40219.1
Project("{FAE04EC0-301F-11D3-BF4B-00C04F79EFBC}") = "SaltyBetting", "SaltyBetting\SaltyBetting.csproj", "{6D5D520A-F902-44E9-9C28-475FE3D2986C}"
EndProject
Project("{FAE04EC0-301F-11D3-BF4B-00C04F79EFBC}") = "SaltyBet", "SaltyBet\SaltyBet.csproj", "{2DBABEE6-C3AD-4151-AC54-03FBADD6CA39}"
EndProject
Global
	GlobalSection(SolutionConfigurationPlatforms) = preSolution
		Debug|Any CPU = Debug|Any CPU
		Release|Any CPU = Release|Any CPU
	EndGlobalSection
	GlobalSection(ProjectConfigurationPlatforms) = postSolution
		{6D5D520A-F902-44E9-9C28-475FE3D2986C}.Debug|Any CPU.ActiveCfg = Debug|Any CPU
		{6D5D520A-F902-44E9-9C28-475FE3D2986C}.Debug|Any CPU.Build.0 = Debug|Any CPU
		{6D5D520A-F902-44E9-9C28-475FE3D2986C}.Release|Any CPU.ActiveCfg = Release|Any CPU
		{6D5D520A-F902-44E9-9C28-475FE3D2986C}.Release|Any CPU.Build.0 = Release|Any CPU
		{2DBABEE6-C3AD-4151-AC54-03FBADD6CA39}.Debug|Any CPU.ActiveCfg = Debug|Any CPU
		{2DBABEE6-C3AD-4151-AC54-03FBADD6CA39}.Debug|Any CPU.Build.0 = Debug|Any CPU
		{2DBABEE6-C3AD-4151-AC54-03FBADD6CA39}.Release|Any CPU.ActiveCfg = Release|Any CPU
		{2DBABEE6-C3AD-4151-AC54-03FBADD6CA39}.Release|Any CPU.Build.0 = Release|Any CPU
	EndGlobalSection
	GlobalSection(SolutionProperties) = preSolution
		HideSolutionNode = FALSE
	EndGlobalSection
	GlobalSection(ExtensibilityGlobals) = postSolution
		SolutionGuid = {B62FB8D2-FE8E-4198-8329-9C7DD05CAF4C}
	EndGlobalSection
EndGlobal
